
Microsoft Visual Studio Solution File, Format Version 12.00
# Visual Studio 15
Project("{FAE04EC0-301F-11D3-BF4B-00C04F79EFBC}") = "ProyectoPrueba", "ProyectoPrueba\ProyectoPrueba.csproj", "{45ADEB43-78C6-4617-AE4E-B53864094FE1}"
EndProject
Global
	GlobalSection(SolutionConfigurationPlatforms) = preSolution
		Debug|Any CPU = Debug|Any CPU
		Release|Any CPU = Release|Any CPU
	EndGlobalSection
	GlobalSection(ProjectConfigurationPlatforms) = postSolution
		{45ADEB43-78C6-4617-AE4E-B53864094FE1}.Debug|Any CPU.ActiveCfg = Debug|Any CPU
		{45ADEB43-78C6-4617-AE4E-B53864094FE1}.Debug|Any CPU.Build.0 = Debug|Any CPU
		{45ADEB43-78C6-4617-AE4E-B53864094FE1}.Release|Any CPU.ActiveCfg = Release|Any CPU
		{45ADEB43-78C6-4617-AE4E-B53864094FE1}.Release|Any CPU.Build.0 = Release|Any CPU
	EndGlobalSection
EndGlobal
